
Microsoft Visual Studio Solution File, Format Version 12.00
# Visual Studio 15
VisualStudioVersion = 15.0.28307.902
MinimumVisualStudioVersion = 10.0.40219.1
Project("{FAE04EC0-301F-11D3-BF4B-00C04F79EFBC}") = "project.CABD", "project.CABD\project.CABD.csproj", "{DE8A808F-D7E7-4F41-A390-5BBC3A141C85}"
EndProject
Global
	GlobalSection(SolutionConfigurationPlatforms) = preSolution
		Debug|Any CPU = Debug|Any CPU
		Release|Any CPU = Release|Any CPU
	EndGlobalSection
	GlobalSection(ProjectConfigurationPlatforms) = postSolution
		{DE8A808F-D7E7-4F41-A390-5BBC3A141C85}.Debug|Any CPU.ActiveCfg = Debug|Any CPU
		{DE8A808F-D7E7-4F41-A390-5BBC3A141C85}.Debug|Any CPU.Build.0 = Debug|Any CPU
		{DE8A808F-D7E7-4F41-A390-5BBC3A141C85}.Release|Any CPU.ActiveCfg = Release|Any CPU
		{DE8A808F-D7E7-4F41-A390-5BBC3A141C85}.Release|Any CPU.Build.0 = Release|Any CPU
	EndGlobalSection
	GlobalSection(SolutionProperties) = preSolution
		HideSolutionNode = FALSE
	EndGlobalSection
	GlobalSection(ExtensibilityGlobals) = postSolution
		SolutionGuid = {7BF7B1A8-3005-41E4-91D6-8757E0EF144D}
	EndGlobalSection
EndGlobal
